
Microsoft Visual Studio Solution File, Format Version 12.00
# Visual Studio Version 17
VisualStudioVersion = 17.9.34616.47
MinimumVisualStudioVersion = 10.0.40219.1
Project("{FAE04EC0-301F-11D3-BF4B-00C04F79EFBC}") = "CleanAuthenticator.Domain", "CleanAuthenticator.Domain\CleanAuthenticator.Domain.csproj", "{1A22ACFF-9346-4BC4-9494-89715B7C0C7C}"
EndProject
Project("{FAE04EC0-301F-11D3-BF4B-00C04F79EFBC}") = "CleanAuthenticator.Application", "CleanAuthenticator.Application\CleanAuthenticator.Application.csproj", "{1DF54183-5BE7-4FF5-A667-8763ACCE3A66}"
EndProject
Project("{FAE04EC0-301F-11D3-BF4B-00C04F79EFBC}") = "CleanAuthenticator.Infrastructure", "CleanAuthentication.Infrastructure\CleanAuthenticator.Infrastructure.csproj", "{39403132-F445-418C-A547-E5F7D0885A45}"
EndProject
Project("{FAE04EC0-301F-11D3-BF4B-00C04F79EFBC}") = "CleanAuthenticator.Api", "CleanAuthenticator.Api\CleanAuthenticator.Api.csproj", "{C0F44B61-276A-46A9-8104-2D4632F36F96}"
EndProject
Global
	GlobalSection(SolutionConfigurationPlatforms) = preSolution
		Debug|Any CPU = Debug|Any CPU
		Release|Any CPU = Release|Any CPU
	EndGlobalSection
	GlobalSection(ProjectConfigurationPlatforms) = postSolution
		{1A22ACFF-9346-4BC4-9494-89715B7C0C7C}.Debug|Any CPU.ActiveCfg = Debug|Any CPU
		{1A22ACFF-9346-4BC4-9494-89715B7C0C7C}.Debug|Any CPU.Build.0 = Debug|Any CPU
		{1A22ACFF-9346-4BC4-9494-89715B7C0C7C}.Release|Any CPU.ActiveCfg = Release|Any CPU
		{1A22ACFF-9346-4BC4-9494-89715B7C0C7C}.Release|Any CPU.Build.0 = Release|Any CPU
		{1DF54183-5BE7-4FF5-A667-8763ACCE3A66}.Debug|Any CPU.ActiveCfg = Debug|Any CPU
		{1DF54183-5BE7-4FF5-A667-8763ACCE3A66}.Debug|Any CPU.Build.0 = Debug|Any CPU
		{1DF54183-5BE7-4FF5-A667-8763ACCE3A66}.Release|Any CPU.ActiveCfg = Release|Any CPU
		{1DF54183-5BE7-4FF5-A667-8763ACCE3A66}.Release|Any CPU.Build.0 = Release|Any CPU
		{39403132-F445-418C-A547-E5F7D0885A45}.Debug|Any CPU.ActiveCfg = Debug|Any CPU
		{39403132-F445-418C-A547-E5F7D0885A45}.Debug|Any CPU.Build.0 = Debug|Any CPU
		{39403132-F445-418C-A547-E5F7D0885A45}.Release|Any CPU.ActiveCfg = Release|Any CPU
		{39403132-F445-418C-A547-E5F7D0885A45}.Release|Any CPU.Build.0 = Release|Any CPU
		{C0F44B61-276A-46A9-8104-2D4632F36F96}.Debug|Any CPU.ActiveCfg = Debug|Any CPU
		{C0F44B61-276A-46A9-8104-2D4632F36F96}.Debug|Any CPU.Build.0 = Debug|Any CPU
		{C0F44B61-276A-46A9-8104-2D4632F36F96}.Release|Any CPU.ActiveCfg = Release|Any CPU
		{C0F44B61-276A-46A9-8104-2D4632F36F96}.Release|Any CPU.Build.0 = Release|Any CPU
	EndGlobalSection
	GlobalSection(SolutionProperties) = preSolution
		HideSolutionNode = FALSE
	EndGlobalSection
	GlobalSection(ExtensibilityGlobals) = postSolution
		SolutionGuid = {ECD07CCA-46B4-4E69-94B7-F2CD55B8A9E0}
	EndGlobalSection
EndGlobal
